{
  "name": "@hipolito/models",
  "version": "1.0.17",
  "lockfileVersion": 1,
  "requires": true,
  "dependencies": {
    "@types/node": {
      "version": "12.7.5",
      "resolved": "https://pwc-us-it-domain1.pkgs.visualstudio.com/_packaging/mdr-feed/npm/registry/@types/node/-/node-12.7.5.tgz",
      "integrity": "sha1-4ZQ25/jptGAQBdc2c7bcR4T/zC8=",
      "dev": true
    },
    "typescript": {
      "version": "3.6.2",
      "resolved": "https://pwc-us-it-domain1.pkgs.visualstudio.com/_packaging/mdr-feed/npm/registry/typescript/-/typescript-3.6.2.tgz",
      "integrity": "sha1-EFsPGTQRnd5UOsjrca86kQCe/lQ=",
      "dev": true
    }
  }
}
